version = 1
revision = 2
requires-python = ">=3.12"

[[package]]
name = "annotated-doc"
version = "0.0.4"
source = { registry = "https://pypi.org/simple" }
sdist = { url = "https://files.pythonhosted.org/packages/57/ba/046ceea27344560984e26a590f90bc7f4a75b06701f653222458922b558c/annotated_doc-0.0.4.tar.gz", hash = "sha256:fbcda96e87e9c92ad167c2e53839e57503ecfda18804ea28102353485033faa4", size = 7288, upload-time = "2025-11-10T22:07:42.062Z" }
wheels = [
    { url = "https://files.pythonhosted.org/packages/1e/d3/26bf1008eb3d2daa8ef4cacc7f3bfdc11818d111f7e2d0201bc6e3b49d45/annotated_doc-0.0.4-py3-none-any.whl", hash = "sha256:571ac1dc6991c450b25a9c2d84a3705e2ae7a53467b5d111c24fa8baabbed320", size = 5303, upload-time = "2025-11-10T22:07:40.673Z" },
]

[[package]]
name = "bwa-meth"
version = "0.1.0"
source = { editable = "." }
dependencies = [
    { name = "pyfastx" },
    { name = "pysam" },
    { name = "sh" },
    { name = "toolshed" },
    { name = "typer" },
    { name = "xopen" },
]

[package.metadata]
requires-dist = [
    { name = "pyfastx", specifier = ">=2.3.0" },
    { name = "pysam", specifier = ">=0.23.3" },
    { name = "sh", specifier = ">=2.2.2" },
    { name = "toolshed", specifier = ">=0.4.8" },
    { name = "typer", specifier = ">=0.24.0" },
    { name = "xopen", specifier = ">=2.0.2" },
]

[[package]]
name = "click"
version = "8.3.1"
source = { registry = "https://pypi.org/simple" }
dependencies = [
    { name = "colorama", marker = "sys_platform == 'win32'" },
]
sdist = { url = "https://files.pythonhosted.org/packages/3d/fa/656b739db8587d7b5dfa22e22ed02566950fbfbcdc20311993483657a5c0/click-8.3.1.tar.gz", hash = "sha256:12ff4785d337a1bb490bb7e9c2b1ee5da3112e94a8622f26a6c77f5d2fc6842a", size = 295065, upload-time = "2025-11-15T20:45:42.706Z" }
wheels = [
    { url = "https://files.pythonhosted.org/packages/98/78/01c019cdb5d6498122777c1a43056ebb3ebfeef2076d9d026bfe15583b2b/click-8.3.1-py3-none-any.whl", hash = "sha256:981153a64e25f12d547d3426c367a4857371575ee7ad18df2a6183ab0545b2a6", size = 108274, upload-time = "2025-11-15T20:45:41.139Z" },
]

[[package]]
name = "colorama"
version = "0.4.6"
source = { registry = "https://pypi.org/simple" }
sdist = { url = "https://files.pythonhosted.org/packages/d8/53/6f443c9a4a8358a93a6792e2acffb9d9d5cb0a5cfd8802644b7b1c9a02e4/colorama-0.4.6.tar.gz", hash = "sha256:08695f5cb7ed6e0531a20572697297273c47b8cae5a63ffc6d6ed5c201be6e44", size = 27697, upload-time = "2022-10-25T02:36:22.414Z" }
wheels = [
    { url = "https://files.pythonhosted.org/packages/d1/d6/3965ed04c63042e047cb6a3e6ed1a63a35087b6a609aa3a15ed8ac56c221/colorama-0.4.6-py2.py3-none-any.whl", hash = "sha256:4f1d9991f5acc0ca119f9d443620b77f9d6b33703e51011c16baf57afb285fc6", size = 25335, upload-time = "2022-10-25T02:36:20.889Z" },
]

[[package]]
name = "isal"
version = "1.8.0"
source = { registry = "https://pypi.org/simple" }
sdist = { url = "https://files.pythonhosted.org/packages/9c/35/40ff3eabd401036f792cf55ba9cd19dcd5e3cb79aa5798332885ab0ff1b9/isal-1.8.0.tar.gz", hash = "sha256:124233e9a31a62030a07aafd48c26689561926f4e10417ed3ea46c211218f2b4", size = 4133365, upload-time = "2025-09-10T08:47:12.653Z" }
wheels = [
    { url = "https://files.pythonhosted.org/packages/58/6f/e170e758293712e4f7ac1d0cf92290a80816d0eea8eb0871d82877ca7372/isal-1.8.0-cp312-cp312-macosx_10_13_x86_64.whl", hash = "sha256:3255b5dd6ac0238d410a6d630761e3826d4360400e88d6106e8ad85fe9042966", size = 237652, upload-time = "2025-09-10T08:47:31.57Z" },
    { url = "https://files.pythonhosted.org/packages/e2/9b/0c3f5fc05aa7d67dc1aa9542549c044234e2d6abd8a2b39f5f689ab9b612/isal-1.8.0-cp312-cp312-macosx_11_0_arm64.whl", hash = "sha256:2147175ea74b9028653c5949b7e1b241e2e24f017879fb55d52de9496786d9d8", size = 189145, upload-time = "2025-09-10T08:43:20.896Z" },
    { url = "https://files.pythonhosted.org/packages/93/87/1ef86dd9419a0ab350a4dc0078c0ca7e5d9d96dea2978361d1d2cde22084/isal-1.8.0-cp312-cp312-manylinux2014_aarch64.manylinux_2_17_aarch64.manylinux_2_28_aarch64.whl", hash = "sha256:fa279aa6b7d6b6e99cceab84f7a8d53e755d2954ad95e14548e94460b7f4c0f2", size = 234403, upload-time = "2025-09-10T09:13:11.214Z" },
    { url = "https://files.pythonhosted.org/packages/29/92/c10343738c170c31a5e25f0a1d024f8160ec107c5a2935a1a07587821100/isal-1.8.0-cp312-cp312-manylinux2014_x86_64.manylinux_2_17_x86_64.manylinux_2_28_x86_64.whl", hash = "sha256:d3c28ff61f2f300e498ea0f50cb1528d8c14631fce4cdfce191ed05775952de3", size = 264663, upload-time = "2025-09-10T08:47:01.294Z" },
    { url = "https://files.pythonhosted.org/packages/31/4f/fec324c58eeb607bcc1716a555d4a161c9a0815060ef13e229b1f28b9836/isal-1.8.0-cp312-cp312-musllinux_1_2_aarch64.whl", hash = "sha256:ba19300d922ba6bc2305e7548c4a27266061448df526bd660ceaaeead500c694", size = 235142, upload-time = "2025-09-10T09:13:12.282Z" },
    { url = "https://files.pythonhosted.org/packages/9f/72/5cbc30d59821bcf93be44eab758ca999794fbd6e47b67954193d11e92000/isal-1.8.0-cp312-cp312-musllinux_1_2_x86_64.whl", hash = "sha256:3ce55960f53603145d35188ca6363848b79675d81c95a3ff2cfb4b2cb806873e", size = 266327, upload-time = "2025-09-10T08:47:02.178Z" },
    { url = "https://files.pythonhosted.org/packages/63/a0/3cdaac7caab7e5e2660afbf03d16616f8c3fb91ec3b75596e2388d42b90b/isal-1.8.0-cp312-cp312-win_amd64.whl", hash = "sha256:1d376b7644434d50fedfb670483150ece64082212b6e1f23976f92a91fa1b99b", size = 203025, upload-time = "2025-09-10T08:49:15.206Z" },
    { url = "https://files.pythonhosted.org/packages/e1/6b/11966680b6cdb040359901b8df235f5a7948c1104e38e0441e319f1e6365/isal-1.8.0-cp313-cp313-macosx_10_13_x86_64.whl", hash = "sha256:f9072de73d7e896f3785f1e5df7859d051424f17aa678a86f6e204c2f653b3ef", size = 237633, upload-time = "2025-09-10T08:47:32.497Z" },
    { url = "https://files.pythonhosted.org/packages/f1/22/232e516b2de02ce6c7c007e5dcf78f0bd854bd4d4e761fe6a409f2571ccb/isal-1.8.0-cp313-cp313-macosx_11_0_arm64.whl", hash = "sha256:57baeb782f14714adab7990402fe965f11f88c7de9456de3c5426c378c476de3", size = 189131, upload-time = "2025-09-10T08:43:22.11Z" },
    { url = "https://files.pythonhosted.org/packages/db/ff/b438cc054270f5fbea38f0f88185a8b696db6022029995bc301fd924ab38/isal-1.8.0-cp313-cp313-manylinux2014_aarch64.manylinux_2_17_aarch64.manylinux_2_28_aarch64.whl", hash = "sha256:1ced06c2e71028fc6755edec6a9de4f1f680fdc7dd22497de3118729043e8f28", size = 234376, upload-time = "2025-09-10T09:13:13.194Z" },
    { url = "https://files.pythonhosted.org/packages/20/94/47188fb4988456f750faeac1b5e656bea225eb44567344c5bb8c22dce620/isal-1.8.0-cp313-cp313-manylinux2014_x86_64.manylinux_2_17_x86_64.manylinux_2_28_x86_64.whl", hash = "sha256:df4550061cbc828def0e19f7cf59c8dfe8d585869bd33ed4c5ddf6f1c477f640", size = 264678, upload-time = "2025-09-10T08:47:03.25Z" },
    { url = "https://files.pythonhosted.org/packages/86/d1/ecef8dd3faf1c781fc53ada5266200254373e1b24c207ce237f8de6baa0e/isal-1.8.0-cp313-cp313-musllinux_1_2_aarch64.whl", hash = "sha256:5461b34053badb6a555601e39130a4e7d801e32d5c745adba2ed1ffe50583a8b", size = 235139, upload-time = "2025-09-10T09:13:14.162Z" },
    { url = "https://files.pythonhosted.org/packages/91/d2/bb46cb0cc0bf5ffdb55c970c7aa161b8188f63e320ab923501d4030d7f7a/isal-1.8.0-cp313-cp313-musllinux_1_2_x86_64.whl", hash = "sha256:2c91bc9d0421fdf86b3a377cef6b9c58e84104e3d5b69dd02a83ca8190823153", size = 266294, upload-time = "2025-09-10T08:47:04.242Z" },
    { url = "https://files.pythonhosted.org/packages/2f/56/932cf1d1471e74ea8b21958cbbcc98f49a49251de5f629c292fce02fa51b/isal-1.8.0-cp313-cp313-win_amd64.whl", hash = "sha256:e1b2118cdc4b4813f679d6b941ec3f9db8d433c260df02fbc5fc6e2a007457b8", size = 202996, upload-time = "2025-09-10T08:49:16.142Z" },
    { url = "https://files.pythonhosted.org/packages/a5/e0/3ffd41f69d3259344a0ee763dfb39521798ae2a4221e14a3a7f4e47f38a1/isal-1.8.0-cp314-cp314-macosx_10_13_x86_64.whl", hash = "sha256:272293b48fdd50b86b5c19fbae8b5938aad2efa1768d3ef66f070269c0420261", size = 237612, upload-time = "2025-09-10T08:47:33.369Z" },
    { url = "https://files.pythonhosted.org/packages/ea/d8/64829ef22e42772f940ae1c74a36c0e837157a2065960047e2e8eab22da8/isal-1.8.0-cp314-cp314-macosx_11_0_arm64.whl", hash = "sha256:26496d4dcc1bd473c0a0fd9302c6e97d994741a5109590afade60fb9896270da", size = 189161, upload-time = "2025-09-10T08:43:23.101Z" },
    { url = "https://files.pythonhosted.org/packages/1a/63/c43f1134f1c000355435d2347a3afdf2105e957958e0209edcd613d6531d/isal-1.8.0-cp314-cp314-manylinux2014_aarch64.manylinux_2_17_aarch64.manylinux_2_28_aarch64.whl", hash = "sha256:65695e42335249503b4af05773d556d01c2d6906473606b0d144f4aa03bf41dd", size = 234440, upload-time = "2025-09-10T09:13:15.153Z" },
    { url = "https://files.pythonhosted.org/packages/62/43/0bebab1f4c6e4503bd52e2a9871f41e197bea1f87b7bcaa60dc513f67998/isal-1.8.0-cp314-cp314-manylinux2014_x86_64.manylinux_2_17_x86_64.manylinux_2_28_x86_64.whl", hash = "sha256:1e7228932f08622d0463777106fcdc29d1ddc53900dd05257eea2c6a59094f6a", size = 264691, upload-time = "2025-09-10T08:47:05.407Z" },
    { url = "https://files.pythonhosted.org/packages/46/5f/f63af7a4687095d8c286fecb0b6b1dc4857bcffa7adad1014a8935f31002/isal-1.8.0-cp314-cp314-musllinux_1_2_aarch64.whl", hash = "sha256:f2204027a4cca57815ead299976c8afc94fae18ffb9287d5771d01cc907899ee", size = 235199, upload-time = "2025-09-10T09:13:16.123Z" },
    { url = "https://files.pythonhosted.org/packages/4d/d3/d2155f41d7f77fbdd97815c483a9c289ef0fe470da7cf4444c9950e67b0e/isal-1.8.0-cp314-cp314-musllinux_1_2_x86_64.whl", hash = "sha256:f437ea6b084343711e9f80245392b73dfdd7e7ed9d3555a3be399f05538217a7", size = 266305, upload-time = "2025-09-10T08:47:06.694Z" },
    { url = "https://files.pythonhosted.org/packages/9e/4a/46e2f69228cb60ae7150d87154018d4229dea91e59dab73df30d4024a075/isal-1.8.0-cp314-cp314-win_amd64.whl", hash = "sha256:1f4349bc7eb446977e9977d6c746e0a7b7089a34f234780c7636da525227a421", size = 208258, upload-time = "2025-09-10T08:49:17.425Z" },
    { url = "https://files.pythonhosted.org/packages/4d/2f/61df3b1768c923be7a35c6388154ddebd5a3c3e4880ac2942b8737cc95d1/isal-1.8.0-cp314-cp314t-macosx_10_13_x86_64.whl", hash = "sha256:f2bc7f828f93db859d05b20658389917082dadff91d10e097e493b68a24b2f23", size = 238612, upload-time = "2025-09-10T08:47:34.335Z" },
    { url = "https://files.pythonhosted.org/packages/3f/41/3d885d62929439bfc344afb414e7702475e16cbc16fbf5e9f3609f34d6c5/isal-1.8.0-cp314-cp314t-macosx_11_0_arm64.whl", hash = "sha256:8778153b53f36db545671c077a8f20734f7d34d7bdbc521bbe197aabfc6358d2", size = 190499, upload-time = "2025-09-10T08:43:24.353Z" },
    { url = "https://files.pythonhosted.org/packages/52/45/5ab58528dc47278898758a8a0c4813f00b519fef7b1d24431fa01185df79/isal-1.8.0-cp314-cp314t-manylinux2014_aarch64.manylinux_2_17_aarch64.manylinux_2_28_aarch64.whl", hash = "sha256:a0adc3d7354f79a25bd7c20a42d6a257ff9ade54b709b40a5ce05f0eb7085134", size = 236048, upload-time = "2025-09-10T09:13:17.117Z" },
    { url = "https://files.pythonhosted.org/packages/c6/ec/21416397eb988435786ab748fdabdb205854c0bdc618e2bcb797ffc811a0/isal-1.8.0-cp314-cp314t-manylinux2014_x86_64.manylinux_2_17_x86_64.manylinux_2_28_x86_64.whl", hash = "sha256:31662c3939b5653e29770e78eacf399dee8082486a3033c52e139108ee7f8767", size = 265915, upload-time = "2025-09-10T08:47:07.702Z" },
    { url = "https://files.pythonhosted.org/packages/f4/c6/a19dd99ae36a28c984aaeb77e06dedaac0d0d413c40792e37461fe0a228a/isal-1.8.0-cp314-cp314t-musllinux_1_2_aarch64.whl", hash = "sha256:e4f46ec4289e8dc74777a0199528f612f2b8aecd9f60a932990a4f66062bc509", size = 236583, upload-time = "2025-09-10T09:13:18.179Z" },
    { url = "https://files.pythonhosted.org/packages/4d/b2/47ee5ec9b9b67a792225895fb4683a1e3c721e8fe0a4d79d2822e43e4c59/isal-1.8.0-cp314-cp314t-musllinux_1_2_x86_64.whl", hash = "sha256:914442a3da17812fc5ab136da6aad2c5cee59d17bb9382b59f7a55efeea28988", size = 267585, upload-time = "2025-09-10T08:47:08.928Z" },
    { url = "https://files.pythonhosted.org/packages/e0/8a/768d91b6078f283c521b79e0a59d7e07a54a0bfab690ab90bcf4c641cc93/isal-1.8.0-cp314-cp314t-win_amd64.whl", hash = "sha256:e76946e7455b1614a6a00bf9ec6444baa3a5217e6806836e0e9a271f0d18f84d", size = 209399, upload-time = "2025-09-10T08:49:19.2Z" },
]

[[package]]
name = "markdown-it-py"
version = "4.0.0"
source = { registry = "https://pypi.org/simple" }
dependencies = [
    { name = "mdurl" },
]
sdist = { url = "https://files.pythonhosted.org/packages/5b/f5/4ec618ed16cc4f8fb3b701563655a69816155e79e24a17b651541804721d/markdown_it_py-4.0.0.tar.gz", hash = "sha256:cb0a2b4aa34f932c007117b194e945bd74e0ec24133ceb5bac59009cda1cb9f3", size = 73070, upload-time = "2025-08-11T12:57:52.854Z" }
wheels = [
    { url = "https://files.pythonhosted.org/packages/94/54/e7d793b573f298e1c9013b8c4dade17d481164aa517d1d7148619c2cedbf/markdown_it_py-4.0.0-py3-none-any.whl", hash = "sha256:87327c59b172c5011896038353a81343b6754500a08cd7a4973bb48c6d578147", size = 87321, upload-time = "2025-08-11T12:57:51.923Z" },
]

[[package]]
name = "mdurl"
version = "0.1.2"
source = { registry = "https://pypi.org/simple" }
sdist = { url = "https://files.pythonhosted.org/packages/d6/54/cfe61301667036ec958cb99bd3efefba235e65cdeb9c84d24a8293ba1d90/mdurl-0.1.2.tar.gz", hash = "sha256:bb413d29f5eea38f31dd4754dd7377d4465116fb207585f97bf925588687c1ba", size = 8729, upload-time = "2022-08-14T12:40:10.846Z" }
wheels = [
    { url = "https://files.pythonhosted.org/packages/b3/38/89ba8ad64ae25be8de66a6d463314cf1eb366222074cfda9ee839c56a4b4/mdurl-0.1.2-py3-none-any.whl", hash = "sha256:84008a41e51615a49fc9966191ff91509e3c40b939176e643fd50a5c2196b8f8", size = 9979, upload-time = "2022-08-14T12:40:09.779Z" },
]

[[package]]
name = "pyfastx"
version = "2.3.0"
source = { registry = "https://pypi.org/simple" }
sdist = { url = "https://files.pythonhosted.org/packages/12/90/d097d5365d0a863cec63b9f352a5aa50a4bba625d10008720e1788b90f39/pyfastx-2.3.0.tar.gz", hash = "sha256:bc51fcb76a9c8974d68499a3b2c13a65fe7290ee4dde0a2e0a264bb12fcef586", size = 261195, upload-time = "2026-01-16T03:42:07.535Z" }
wheels = [
    { url = "https://files.pythonhosted.org/packages/06/40/3ce4ee5f872b5959478eecac89ea6235f11e1e91eda9587c072b03086643/pyfastx-2.3.0-cp312-cp312-macosx_10_13_x86_64.whl", hash = "sha256:f98a2e3abe547230fd08b4ddd58964e13a50ae80822442e2ca21ccd77c49fa98", size = 784685, upload-time = "2026-01-16T03:41:28.364Z" },
    { url = "https://files.pythonhosted.org/packages/de/89/6f76e966c7b0f367f2396b0b8e9885d858b41f88b8b08f9e1ee4ae886a33/pyfastx-2.3.0-cp312-cp312-macosx_11_0_arm64.whl", hash = "sha256:54808d26e9fca53b662c9abccf53c17e464a70fa29184a6d956efc7173fa09cb", size = 744160, upload-time = "2026-01-16T03:41:29.638Z" },
    { url = "https://files.pythonhosted.org/packages/11/d8/054fb46629e565b494c2241cfe8eb856543189c8d1dff7bfe76d6cf4dc33/pyfastx-2.3.0-cp312-cp312-manylinux_2_28_x86_64.whl", hash = "sha256:7845a7ada8099fcd11b460eb6d461c1eb77eb804a289acba0ba0e56aecbccf11", size = 876219, upload-time = "2026-01-16T03:41:30.768Z" },
    { url = "https://files.pythonhosted.org/packages/aa/07/ed9856f37f02174987fb9eb13e753a4f75563da6763d26bd19e62a88dc70/pyfastx-2.3.0-cp312-cp312-musllinux_1_2_x86_64.whl", hash = "sha256:2750f36870767d64cac6ec5bd0ef9f7969c87dce901e5d0ed9c6afc4ac11f7ff", size = 882693, upload-time = "2026-01-16T03:41:31.857Z" },
    { url = "https://files.pythonhosted.org/packages/24/ff/128b6f1ae4daefc24a5779fed1eed05f30f5b5d910b0118ba378acc69662/pyfastx-2.3.0-cp312-cp312-win_amd64.whl", hash = "sha256:8e3ff001dd8e873dd2d40fd1653e1a9f6ae9b9888046de74964e34371793def9", size = 672195, upload-time = "2026-01-16T03:41:33.397Z" },
    { url = "https://files.pythonhosted.org/packages/a8/b2/71c1a42d65b47098a47f771d5cbdb7e6aac52f05f2a32f0e766ac6337e9b/pyfastx-2.3.0-cp313-cp313-macosx_10_13_x86_64.whl", hash = "sha256:b023f7f13f46960e752f0aaeed4b6f26b5a7e81e9db7cb486918127f54cbaa5c", size = 784527, upload-time = "2026-01-16T03:41:34.427Z" },
    { url = "https://files.pythonhosted.org/packages/2f/b8/03edc9cfe560d5eebf767cd577b802539b1334b18127f9751a7c68f566ab/pyfastx-2.3.0-cp313-cp313-macosx_11_0_arm64.whl", hash = "sha256:783847d8fe31cdfe45376c6d98a1b0e8ba2b143b2eb8970432fe6b4d2a539b58", size = 744033, upload-time = "2026-01-16T03:41:35.568Z" },
    { url = "https://files.pythonhosted.org/packages/17/28/7c96536ca2532aedf36b1c10f28f652afcfe4cbed872f6a2c4eb5fc44637/pyfastx-2.3.0-cp313-cp313-manylinux_2_28_x86_64.whl", hash = "sha256:e6dc6904d755db342c0f0ca71c18ed5a3511c8c62f1d8b546e3c0055484e054d", size = 876210, upload-time = "2026-01-16T03:41:36.7Z" },
    { url = "https://files.pythonhosted.org/packages/99/1b/ec5411eb559c8508f397a2c25eee99a96ca58c364d519fcf76408f9fdd6c/pyfastx-2.3.0-cp313-cp313-musllinux_1_2_x86_64.whl", hash = "sha256:f20b8d02da3f83878268ae9541480d0e6aa29b2246220f10e6d7137805f107f4", size = 882640, upload-time = "2026-01-16T03:41:37.813Z" },
    { url = "https://files.pythonhosted.org/packages/31/11/a0d41a2bc15579a0fe97bd4dd919cfa3d0b3d6fc5f56a0645aa36c36b5f6/pyfastx-2.3.0-cp313-cp313-win_amd64.whl", hash = "sha256:0c3c7af1058cf8df34344166ada2c5115f9e22c13ec07c61c417200d3988e5f7", size = 672135, upload-time = "2026-01-16T03:41:38.874Z" },
    { url = "https://files.pythonhosted.org/packages/cd/74/dfc6e920d5160f6004772abc463b4f95b48d283eebf68d3dffce9eff98c4/pyfastx-2.3.0-cp314-cp314-macosx_10_15_x86_64.whl", hash = "sha256:aebc60f06ded5f6e80f87e271b258cfe7ff8ba4e6b5be190dfa0558f4c97a2e2", size = 784663, upload-time = "2026-01-16T03:41:39.996Z" },
    { url = "https://files.pythonhosted.org/packages/32/3c/835f0ad48df185439854f0c77ddf344ca15996ca24cd285e7f70ac042254/pyfastx-2.3.0-cp314-cp314-macosx_11_0_arm64.whl", hash = "sha256:d1468fddde2dadd64546149704150c0b62925e292fee4cc940d7befd0281a7b9", size = 744072, upload-time = "2026-01-16T03:41:41.808Z" },
    { url = "https://files.pythonhosted.org/packages/f1/d8/29f1cb2ccf38acf726248f39acc402586046f5f143f1fdc3db43fe42830d/pyfastx-2.3.0-cp314-cp314-manylinux_2_28_x86_64.whl", hash = "sha256:18e78ef7bc9077c64d37b23862940c4e42b952944f953f7eea8b7a405a77ea47", size = 876170, upload-time = "2026-01-16T03:41:43.531Z" },
    { url = "https://files.pythonhosted.org/packages/bd/9a/c22d5a7d23c7fe02412ddf3272989bbcda9fb2ab57f83a55e0c3cddc7fec/pyfastx-2.3.0-cp314-cp314-musllinux_1_2_x86_64.whl", hash = "sha256:0d919e0aed10a303621da54d482052d40fad8292f03b17d386d2dc6fa7f81a8b", size = 882640, upload-time = "2026-01-16T03:41:45.523Z" },
    { url = "https://files.pythonhosted.org/packages/02/ff/e3d0141a9457f65a514f85ee8cb5b8a7ce530dee0dbbb2911d7d11bf89c1/pyfastx-2.3.0-cp314-cp314-win_amd64.whl", hash = "sha256:e4bc7417588ec414fe83016eca6de90985bc1e3c2067df1ede46ec07cc58cab6", size = 691395, upload-time = "2026-01-16T03:41:46.633Z" },
    { url = "https://files.pythonhosted.org/packages/bc/10/ee12504229f5603af818da6305b9fafd866292fcc1c426ab1f873e5ae9b8/pyfastx-2.3.0-cp314-cp314t-macosx_10_15_x86_64.whl", hash = "sha256:3741550367b3e3fa92f00803f94b3bd6fe17660d44f204fa61cb14bc40f6edb3", size = 785243, upload-time = "2026-01-16T03:41:47.696Z" },
    { url = "https://files.pythonhosted.org/packages/42/bf/a8acb62357d289146371989f0b577472876433a8c85ae5619b14a2ea6b4e/pyfastx-2.3.0-cp314-cp314t-macosx_11_0_arm64.whl", hash = "sha256:b9a0219b40b3042f25397b11f9114c9704df700100b9cfac622be967dd037877", size = 744645, upload-time = "2026-01-16T03:41:48.769Z" },
    { url = "https://files.pythonhosted.org/packages/e0/74/3faf41671ba5e966561602ebcd7c029de98e3e928d2b7c2b5abbc55133b1/pyfastx-2.3.0-cp314-cp314t-manylinux_2_28_x86_64.whl", hash = "sha256:ee1c80739e9c35618110cc6e91809a2dd78bf463515c29b82a982c51253620be", size = 877087, upload-time = "2026-01-16T03:41:50.491Z" },
    { url = "https://files.pythonhosted.org/packages/68/7c/a47fe412fada026ca2826bdaf598700b7710babfbc282f143e6e76abae50/pyfastx-2.3.0-cp314-cp314t-musllinux_1_2_x86_64.whl", hash = "sha256:569d72eaae9011d84717bdbdd5236573f6bbfa7bf9f5decfcaf1230bc5b4aaeb", size = 883270, upload-time = "2026-01-16T03:41:51.624Z" },
    { url = "https://files.pythonhosted.org/packages/77/fa/5bffd17c47993a374d9863a077f9c6470af98a206c67f399a343b8daed5e/pyfastx-2.3.0-cp314-cp314t-win_amd64.whl", hash = "sha256:1e2b78b6da5ffc9cd7be65778edf9aaa97e0b041e7bc5f6bc15bb3999fc7b7fd", size = 692844, upload-time = "2026-01-16T03:41:52.75Z" },
]

[[package]]
name = "pygments"
version = "2.19.2"
source = { registry = "https://pypi.org/simple" }
sdist = { url = "https://files.pythonhosted.org/packages/b0/77/a5b8c569bf593b0140bde72ea885a803b82086995367bf2037de0159d924/pygments-2.19.2.tar.gz", hash = "sha256:636cb2477cec7f8952536970bc533bc43743542f70392ae026374600add5b887", size = 4968631, upload-time = "2025-06-21T13:39:12.283Z" }
wheels = [
    { url = "https://files.pythonhosted.org/packages/c7/21/705964c7812476f378728bdf590ca4b771ec72385c533964653c68e86bdc/pygments-2.19.2-py3-none-any.whl", hash = "sha256:86540386c03d588bb81d44bc3928634ff26449851e99741617ecb9037ee5ec0b", size = 1225217, upload-time = "2025-06-21T13:39:07.939Z" },
]

[[package]]
name = "pysam"
version = "0.23.3"
source = { registry = "https://pypi.org/simple" }
sdist = { url = "https://files.pythonhosted.org/packages/7c/2b/1cf19890a0e4c73ad2672ce7eb485606c4bd2846eef2d892c078ab193c92/pysam-0.23.3.tar.gz", hash = "sha256:9ebcb1f004b296fd139b103ec6fd7e415e80f89f194eb7d0d972ac6d11bbaf24", size = 4974405, upload-time = "2025-06-10T11:19:54.057Z" }
wheels = [
    { url = "https://files.pythonhosted.org/packages/a2/6b/dd9f94da44463ecfddb7075f1048c044155c725d7d79fde2e7957561a3b0/pysam-0.23.3-cp312-cp312-macosx_10_13_x86_64.whl", hash = "sha256:69f90c0867fe43f04004bcea963f6b2e68b39180afab54bf551f61f43856638b", size = 6177042, upload-time = "2025-06-10T11:19:19.517Z" },
    { url = "https://files.pythonhosted.org/packages/f3/e9/686e711a559a02e4c3ba0bc78cf031d9ddb525e9f0b2984d1b66536ba94a/pysam-0.23.3-cp312-cp312-macosx_11_0_arm64.whl", hash = "sha256:2310d72bfae7a0980d414156267e25b57aa221a768c11c087f3f7d00ceb9fed4", size = 8398187, upload-time = "2025-06-10T11:22:52.284Z" },
    { url = "https://files.pythonhosted.org/packages/8a/82/fca396e13969d1020956b02e567e0d357be0af0f3aebc2b4d97bed780a6d/pysam-0.23.3-cp312-cp312-manylinux_2_28_aarch64.whl", hash = "sha256:b2e45983efea190d374fcda0b6e0c835d6e9e474e02694729f3b3a14d680fa62", size = 23343831, upload-time = "2025-06-10T11:22:54.594Z" },
    { url = "https://files.pythonhosted.org/packages/df/a6/c100df6c8118b4ce1f9c086bb9cf5bccd4f71d05ceb2ecf474f3b0ea87b8/pysam-0.23.3-cp312-cp312-manylinux_2_28_x86_64.whl", hash = "sha256:4099393fc5097b5081c7efaf46b0109e4f0a8ed18f86d497219a8bf739c73992", size = 24021198, upload-time = "2025-06-10T11:19:21.379Z" },
    { url = "https://files.pythonhosted.org/packages/f1/92/32e1b13f30f16fe2c948f9b9e04c6e7698beaa539ea1a2bcddc51ed6c9b7/pysam-0.23.3-cp312-cp312-musllinux_1_2_aarch64.whl", hash = "sha256:4f04b9aa9b23d767fe36652eacb8370791e3b56816a7e50553d52c65ccdce77f", size = 22925815, upload-time = "2025-06-10T11:22:56.894Z" },
    { url = "https://files.pythonhosted.org/packages/fa/7d/ccfaa2d6f9f07b357696b07883d5c5471f980938c2293324631425d95523/pysam-0.23.3-cp312-cp312-musllinux_1_2_x86_64.whl", hash = "sha256:701843e5dc67c8eb217c3265039c699a5f83cce64fbc4225268141796e972353", size = 23351352, upload-time = "2025-06-10T11:19:24.207Z" },
    { url = "https://files.pythonhosted.org/packages/88/87/55cabf614bcc96f4a548ab4cf5fe465dd562d193f4f4cd5246cc0a1a18ab/pysam-0.23.3-cp313-cp313-macosx_10_13_x86_64.whl", hash = "sha256:2d3177c5b3e102bde297f86e079d23fa385ac88f16c4252502079ef368056d55", size = 8660576, upload-time = "2025-06-10T11:19:26.918Z" },
    { url = "https://files.pythonhosted.org/packages/1f/2f/4708f52028610af96fa82e3ef46bcf96a35f1bd3c38aa6f015b31b578fff/pysam-0.23.3-cp313-cp313-macosx_11_0_arm64.whl", hash = "sha256:2b6f6891684213e89ee679c5ac786b4e845e7d39d24f6ea0e4d8ed8be9c34f48", size = 8420107, upload-time = "2025-06-10T11:22:59.325Z" },
    { url = "https://files.pythonhosted.org/packages/d9/35/e65f76cfa17d680017bbb61f2a2b3ad34169de5c3747ed4273c194ad13b3/pysam-0.23.3-cp313-cp313-manylinux_2_28_aarch64.whl", hash = "sha256:735b938b809f0dc19a389cf3cee04fe7a451e21e2b20d3e45fa6bc23016ae21d", size = 26547806, upload-time = "2025-06-10T11:23:02.083Z" },
    { url = "https://files.pythonhosted.org/packages/3f/60/2c8574f13f5a9c07cc14f5b48f70591fcd1ccb50dd59ad9784d48ed31db4/pysam-0.23.3-cp313-cp313-manylinux_2_28_x86_64.whl", hash = "sha256:b721ae4c9118e0c27e1500be278c3b62022c886eeb913ecabc0463fdf98da38f", size = 27262067, upload-time = "2025-06-10T11:19:29.222Z" },
    { url = "https://files.pythonhosted.org/packages/f3/ef/6ca22f37b3c771f5df38a533d8276dabaacc89a034341a0ec33b7ec21d5e/pysam-0.23.3-cp313-cp313-musllinux_1_2_aarch64.whl", hash = "sha256:915bd2883eed08b16a41964a33923818e67166ca69a51086598d27287df6bb4f", size = 26036767, upload-time = "2025-06-10T11:23:04.839Z" },
    { url = "https://files.pythonhosted.org/packages/99/a4/d52ac0f89fa90ab98998e5c0640963f3f4c1e9703fd4dd0aaa4facaea187/pysam-0.23.3-cp313-cp313-musllinux_1_2_x86_64.whl", hash = "sha256:b80f1092ba290b738d6ed230cc58cc75ca815fda441afe76cb4c25639aec7ee7", size = 26477588, upload-time = "2025-06-10T11:19:31.96Z" },
]

[[package]]
name = "rich"
version = "14.3.2"
source = { registry = "https://pypi.org/simple" }
dependencies = [
    { name = "markdown-it-py" },
    { name = "pygments" },
]
sdist = { url = "https://files.pythonhosted.org/packages/74/99/a4cab2acbb884f80e558b0771e97e21e939c5dfb460f488d19df485e8298/rich-14.3.2.tar.gz", hash = "sha256:e712f11c1a562a11843306f5ed999475f09ac31ffb64281f73ab29ffdda8b3b8", size = 230143, upload-time = "2026-02-01T16:20:47.908Z" }
wheels = [
    { url = "https://files.pythonhosted.org/packages/ef/45/615f5babd880b4bd7d405cc0dc348234c5ffb6ed1ea33e152ede08b2072d/rich-14.3.2-py3-none-any.whl", hash = "sha256:08e67c3e90884651da3239ea668222d19bea7b589149d8014a21c633420dbb69", size = 309963, upload-time = "2026-02-01T16:20:46.078Z" },
]

[[package]]
name = "sh"
version = "2.2.2"
source = { registry = "https://pypi.org/simple" }
sdist = { url = "https://files.pythonhosted.org/packages/59/52/f43920223c93e31874677c681b8603d36a40d3d8502d3a37f80d3995d43e/sh-2.2.2.tar.gz", hash = "sha256:653227a7c41a284ec5302173fbc044ee817c7bad5e6e4d8d55741b9aeb9eb65b", size = 345866, upload-time = "2025-02-24T07:16:25.363Z" }
wheels = [
    { url = "https://files.pythonhosted.org/packages/70/98/d82f14ac7ffedbd38dfa2383f142b26d18d23ca6cf35a40f4af60df666bd/sh-2.2.2-py3-none-any.whl", hash = "sha256:e0b15b4ae8ffcd399bc8ffddcbd770a43c7a70a24b16773fbb34c001ad5d52af", size = 38295, upload-time = "2025-02-24T07:16:23.782Z" },
]

[[package]]
name = "shellingham"
version = "1.5.4"
source = { registry = "https://pypi.org/simple" }
sdist = { url = "https://files.pythonhosted.org/packages/58/15/8b3609fd3830ef7b27b655beb4b4e9c62313a4e8da8c676e142cc210d58e/shellingham-1.5.4.tar.gz", hash = "sha256:8dbca0739d487e5bd35ab3ca4b36e11c4078f3a234bfce294b0a0291363404de", size = 10310, upload-time = "2023-10-24T04:13:40.426Z" }
wheels = [
    { url = "https://files.pythonhosted.org/packages/e0/f9/0595336914c5619e5f28a1fb793285925a8cd4b432c9da0a987836c7f822/shellingham-1.5.4-py2.py3-none-any.whl", hash = "sha256:7ecfff8f2fd72616f7481040475a65b2bf8af90a56c89140852d1120324e8686", size = 9755, upload-time = "2023-10-24T04:13:38.866Z" },
]

[[package]]
name = "toolshed"
version = "0.4.8"
source = { registry = "https://pypi.org/simple" }
sdist = { url = "https://files.pythonhosted.org/packages/de/a6/e4d602259136557b8873981e11f3445880f236e963e769f892ae314fb1d9/toolshed-0.4.8.tar.gz", hash = "sha256:a47c3ab8cec47c75a7a6d142c73663d928a9e57f6d7739108607508c8fe06e3b", size = 11632, upload-time = "2026-02-16T18:51:20.397Z" }
wheels = [
    { url = "https://files.pythonhosted.org/packages/e0/8f/637fc7ba68b277ee0c5cbd5368f14a752b2d2df3131c6cd439d309887f24/toolshed-0.4.8-py3-none-any.whl", hash = "sha256:d27f293cdf4c5c6b3045268526e9c3e0eab49b53a77adfa0ae1ee3c2eb0ee1d3", size = 10205, upload-time = "2026-02-16T18:51:19.074Z" },
]

[[package]]
name = "typer"
version = "0.24.0"
source = { registry = "https://pypi.org/simple" }
dependencies = [
    { name = "annotated-doc" },
    { name = "click" },
    { name = "rich" },
    { name = "shellingham" },
]
sdist = { url = "https://files.pythonhosted.org/packages/5a/b6/3e681d3b6bb22647509bdbfdd18055d5adc0dce5c5585359fa46ff805fdc/typer-0.24.0.tar.gz", hash = "sha256:f9373dc4eff901350694f519f783c29b6d7a110fc0dcc11b1d7e353b85ca6504", size = 118380, upload-time = "2026-02-16T22:08:48.496Z" }
wheels = [
    { url = "https://files.pythonhosted.org/packages/85/d0/4da85c2a45054bb661993c93524138ace4956cb075a7ae0c9d1deadc331b/typer-0.24.0-py3-none-any.whl", hash = "sha256:5fc435a9c8356f6160ed6e85a6301fdd6e3d8b2851da502050d1f92c5e9eddc8", size = 56441, upload-time = "2026-02-16T22:08:47.535Z" },
]

[[package]]
name = "xopen"
version = "2.0.2"
source = { registry = "https://pypi.org/simple" }
dependencies = [
    { name = "isal", marker = "platform_machine == 'AMD64' or platform_machine == 'aarch64' or platform_machine == 'x86_64'" },
    { name = "zlib-ng", marker = "platform_machine == 'AMD64' or platform_machine == 'aarch64' or platform_machine == 'x86_64'" },
]
sdist = { url = "https://files.pythonhosted.org/packages/47/01/0abf3e42bb1bf15ce24e4b235b1274e0c3c9ba8e3bbf2300b6323e6f50c1/xopen-2.0.2.tar.gz", hash = "sha256:f19d83de470f5a81725df0140180ec71d198311a1d7dad48f5467b4ad5df6154", size = 32224, upload-time = "2024-06-12T05:19:11.513Z" }
wheels = [
    { url = "https://files.pythonhosted.org/packages/f6/03/c9108ceffdb75f69e1c3bf5d2baadd124acc12ab0a61fb961c66f2b124fd/xopen-2.0.2-py3-none-any.whl", hash = "sha256:74e7f7fb7e7f42bd843c798595fa5a52086d7d1bf3de0e8513c6615516431313", size = 17060, upload-time = "2024-06-12T05:19:09.834Z" },
]

[[package]]
name = "zlib-ng"
version = "1.0.0"
source = { registry = "https://pypi.org/simple" }
sdist = { url = "https://files.pythonhosted.org/packages/46/7d/901c6e333fb031b5bfbd1532099200cf859f12aa83689be494eade6685ec/zlib_ng-1.0.0.tar.gz", hash = "sha256:c753cea73f9e803c246e9bf01a59eb652897ed8a19334ada0f968394c7f61650", size = 5799954, upload-time = "2025-09-10T11:46:17.553Z" }
wheels = [
    { url = "https://files.pythonhosted.org/packages/e4/6f/ad3b032d3881a5f35d673b429a8a524d8cb2b56d81f8ca4194117a502509/zlib_ng-1.0.0-cp312-cp312-macosx_10_13_x86_64.whl", hash = "sha256:d894ed89fd1f53344b8334333794f53d7119da034b49e08e39f0d2b05a1f699c", size = 108672, upload-time = "2025-09-10T11:45:18.222Z" },
    { url = "https://files.pythonhosted.org/packages/a1/7c/67d4a0bb72039f8a8e11cd711aed63a0adf83961fea668e204b07d6f469d/zlib_ng-1.0.0-cp312-cp312-macosx_11_0_arm64.whl", hash = "sha256:c01e44613d9a4cc1f6f6dcfab03ae43fd3b4f9bd909006398c75fe4a1fb48333", size = 91299, upload-time = "2025-09-10T11:43:55.018Z" },
    { url = "https://files.pythonhosted.org/packages/50/97/9836a0ec483786803c1a9925f6249cbb5dbd408fcc100bd8b4cd615c012d/zlib_ng-1.0.0-cp312-cp312-manylinux2014_aarch64.manylinux_2_17_aarch64.manylinux_2_28_aarch64.whl", hash = "sha256:611a85b2dcb206a3cf8cdaa4323dbf9dbefe6c92e83d2da86333050f33a4318e", size = 111319, upload-time = "2025-09-10T12:21:23.809Z" },
    { url = "https://files.pythonhosted.org/packages/6a/ed/5baf549131c47cbf5a00c35c7db7a78d5aa3c405605255a1496160a96a87/zlib_ng-1.0.0-cp312-cp312-manylinux2014_x86_64.manylinux_2_17_x86_64.manylinux_2_28_x86_64.whl", hash = "sha256:5332f9452b2fc27e47a1ca78fc150689ed9c51c7f449a5467bf41c4b206c439f", size = 132407, upload-time = "2025-09-10T11:46:07.343Z" },
    { url = "https://files.pythonhosted.org/packages/96/e6/6b09e61cfa205b546f3c8202be35795040340a12dde36dd990eac9747ef8/zlib_ng-1.0.0-cp312-cp312-musllinux_1_2_aarch64.whl", hash = "sha256:6c362f54b67a4385b19ab8972b66f34da73b93c1b8f0b251a0f20d315c15f71a", size = 112144, upload-time = "2025-09-10T12:21:24.995Z" },
    { url = "https://files.pythonhosted.org/packages/5f/55/886fe76443fb7131a364a4ff3b257ac0c7bcf61d2562c009de5104a051d9/zlib_ng-1.0.0-cp312-cp312-musllinux_1_2_x86_64.whl", hash = "sha256:e1a1205e4146819f9c5dbaaa89be587fc7a09f06094676f2dc27146ba1682de5", size = 133232, upload-time = "2025-09-10T11:46:08.21Z" },
    { url = "https://files.pythonhosted.org/packages/98/c7/b6684511acc5e026650e98e029b34fa801750d29654172a1d651f619d348/zlib_ng-1.0.0-cp312-cp312-win_amd64.whl", hash = "sha256:c6e16cb8cb140bc3e76f95294f91939929a0a3fcc0fbb6ba4191fc24dc15dea9", size = 93520, upload-time = "2025-09-10T11:54:57.879Z" },
    { url = "https://files.pythonhosted.org/packages/29/87/70b3c49c0468505cf333a9027c03b2c70f169dc6c0f4cc4d0a4ddbe38875/zlib_ng-1.0.0-cp313-cp313-macosx_10_13_x86_64.whl", hash = "sha256:79b172c6046d8be48500e95e3b6858056a8dfeb95c57d0403c6e7e874bcb87d9", size = 108682, upload-time = "2025-09-10T11:45:19.009Z" },
    { url = "https://files.pythonhosted.org/packages/e1/eb/293e0f4b1598a82972cb45aa80c0b2cac88f6b0f7877081e77aba1abe668/zlib_ng-1.0.0-cp313-cp313-macosx_11_0_arm64.whl", hash = "sha256:8da943c739ffc86679979dcb654294e6bf7d40829de7dca43d453b46b251435c", size = 91290, upload-time = "2025-09-10T11:43:56.252Z" },
    { url = "https://files.pythonhosted.org/packages/77/61/a93b686a3f2dc3c0a44a193757e8ca852f34fac64939f6bbe0c65928f7a6/zlib_ng-1.0.0-cp313-cp313-manylinux2014_aarch64.manylinux_2_17_aarch64.manylinux_2_28_aarch64.whl", hash = "sha256:377dd5ee851e8fea0f81811866eb0463d3e7c781d4c5fd89401ef69036befce3", size = 111303, upload-time = "2025-09-10T12:21:26.286Z" },
    { url = "https://files.pythonhosted.org/packages/e7/15/90ef47172106a3c56697907c048bffc14529c09c8785716ba296d27f0e4e/zlib_ng-1.0.0-cp313-cp313-manylinux2014_x86_64.manylinux_2_17_x86_64.manylinux_2_28_x86_64.whl", hash = "sha256:1e7a8baaa2c766c6ae60417612ce2d8cd08555596662d6b4b5c594095dffaed5", size = 132395, upload-time = "2025-09-10T11:46:09.462Z" },
    { url = "https://files.pythonhosted.org/packages/61/f1/fe005fda8cee96c6ea4a4070d7ebbabf91f65930a750f2af4529ff36db85/zlib_ng-1.0.0-cp313-cp313-musllinux_1_2_aarch64.whl", hash = "sha256:fef21e3c5528e008ac4fc7932d373ba9854090830731db9051c2a9344ae26579", size = 112122, upload-time = "2025-09-10T12:21:27.38Z" },
    { url = "https://files.pythonhosted.org/packages/ba/2d/61b61146fcb8ccd529a0e73818c8a7f6ecdd5fb0a2c4c3be32c9a9397845/zlib_ng-1.0.0-cp313-cp313-musllinux_1_2_x86_64.whl", hash = "sha256:4c30a1c8394d9c48fd9c5290355d00b6fd06f661b3c454d1747c62269e917cdd", size = 133219, upload-time = "2025-09-10T11:46:10.656Z" },
    { url = "https://files.pythonhosted.org/packages/96/cc/255bf0e3098ff31690fa4ab73606330abd9e2f8f260999938456dd450fed/zlib_ng-1.0.0-cp313-cp313-win_amd64.whl", hash = "sha256:6ecf6ab9b7cb31ae192f469d7f1bcc1cae8314c7baf78bb174d43eb9a6e73f0d", size = 93525, upload-time = "2025-09-10T11:54:58.731Z" },
    { url = "https://files.pythonhosted.org/packages/74/ae/6626c0226806459bddd3fa1afef366455c114ce930c390ea435841bcb6ac/zlib_ng-1.0.0-cp314-cp314-macosx_10_13_x86_64.whl", hash = "sha256:616348ca549ba1ee286ab0c276af91f846fca07b602edc21ecf3ba6d36211a4b", size = 108617, upload-time = "2025-09-10T11:45:20.256Z" },
    { url = "https://files.pythonhosted.org/packages/4f/95/0fe707bca0050a49997be6b562271eea63beab100520a9a40ca6e00eafa5/zlib_ng-1.0.0-cp314-cp314-macosx_11_0_arm64.whl", hash = "sha256:f6ef47f702374a2d0fbba709bf85cd124f3e83002ca4d51ecff55ad385ee2e44", size = 91322, upload-time = "2025-09-10T11:43:57.072Z" },
    { url = "https://files.pythonhosted.org/packages/81/32/05bbab262a70101ac6280b3b89b0a7c77df9e7bba7b7e239496d70982d12/zlib_ng-1.0.0-cp314-cp314-manylinux2014_aarch64.manylinux_2_17_aarch64.manylinux_2_28_aarch64.whl", hash = "sha256:501bc6fb57063e107e767ab6079cb8db98d6bacd48f4e04cb3f2ff887604e87d", size = 111366, upload-time = "2025-09-10T12:21:28.444Z" },
    { url = "https://files.pythonhosted.org/packages/1c/a3/781e00b573866bbfca7edb4284495962a0e0ccd55965ac9ff7fde8aed382/zlib_ng-1.0.0-cp314-cp314-manylinux2014_x86_64.manylinux_2_17_x86_64.manylinux_2_28_x86_64.whl", hash = "sha256:0610467509e477b5813c0182bdcffa78b0509c03291f3a83cd844959add609b9", size = 132402, upload-time = "2025-09-10T11:46:11.494Z" },
    { url = "https://files.pythonhosted.org/packages/1d/89/7dfc3cb2a541a98ef5102f9895733527021f64af906d6c44ca260db241b7/zlib_ng-1.0.0-cp314-cp314-musllinux_1_2_aarch64.whl", hash = "sha256:a68ed1ac533c60fa9edcca857a8ef394cc340d442d79a50256a2fd8646458f20", size = 112152, upload-time = "2025-09-10T12:21:29.842Z" },
    { url = "https://files.pythonhosted.org/packages/99/2c/8d99b00e1a3425f059617eb2f242e7edfa1e5e7c50c4d9d4a99896529579/zlib_ng-1.0.0-cp314-cp314-musllinux_1_2_x86_64.whl", hash = "sha256:034c0693a4e88b71866044e386184dedaef5e258fadb756c080fde5c609bcde1", size = 133230, upload-time = "2025-09-10T11:46:12.354Z" },
    { url = "https://files.pythonhosted.org/packages/93/4d/3475605c16a32d7ac4efc8c49c7d7b863ced4311dceca987b2f288f8d673/zlib_ng-1.0.0-cp314-cp314-win_amd64.whl", hash = "sha256:a499413d424fd16c8a245e9dd09206f5574ec93be383a22616fb31d7be82ab75", size = 95906, upload-time = "2025-09-10T11:54:59.844Z" },
    { url = "https://files.pythonhosted.org/packages/ca/b6/2eaa187c51f1aa2ae180d1252522fcb3899e0c456b01927b39965b8a84df/zlib_ng-1.0.0-cp314-cp314t-macosx_10_13_x86_64.whl", hash = "sha256:f903cb4d076ced4628284a76e5aed7b2a9e61a3c1fbe9416feaed1239d6b36ef", size = 109754, upload-time = "2025-09-10T11:45:21.423Z" },
    { url = "https://files.pythonhosted.org/packages/ea/ec/5d97d9e979ea08793c00261e37c1c47400d066ca70f80bfb3493381e5b38/zlib_ng-1.0.0-cp314-cp314t-macosx_11_0_arm64.whl", hash = "sha256:0175e33a1faf96f184cfa4c0aa542ce4146acca02f4f3420ce50e0541c926d80", size = 92534, upload-time = "2025-09-10T11:43:57.892Z" },
    { url = "https://files.pythonhosted.org/packages/51/df/83fc566a7f8140427fc812e065b89680f1ff97d60e95184553d609bfb679/zlib_ng-1.0.0-cp314-cp314t-manylinux2014_aarch64.manylinux_2_17_aarch64.manylinux_2_28_aarch64.whl", hash = "sha256:1b7d4aa8a2f165582eb2345817b4ae2fb3a90d87e9eabe2d2f1d16a14c3c14d6", size = 112130, upload-time = "2025-09-10T12:21:30.981Z" },
    { url = "https://files.pythonhosted.org/packages/d2/15/1fc7d95fda3788f6429a9067647a71d41a31f246d0012e615530959082ce/zlib_ng-1.0.0-cp314-cp314t-manylinux2014_x86_64.manylinux_2_17_x86_64.manylinux_2_28_x86_64.whl", hash = "sha256:0da75a236bbc05b2adfd83c42bd768fbcbf665e9423e5f893f79cf7b1fcf35da", size = 132835, upload-time = "2025-09-10T11:46:13.257Z" },
    { url = "https://files.pythonhosted.org/packages/38/1e/e8bba2ee85ea99ad9a736c66d78471bb141ecb3c9ee49cfbabf0abe16f51/zlib_ng-1.0.0-cp314-cp314t-musllinux_1_2_aarch64.whl", hash = "sha256:538fbc57f29d8a1508346813e7c349286a12155de61bad862169261c3237b996", size = 112812, upload-time = "2025-09-10T12:21:32.397Z" },
    { url = "https://files.pythonhosted.org/packages/b8/16/8304e87fa66030f5f5def10fb55c1a7441c3605ce099a2ec7b5d61bded47/zlib_ng-1.0.0-cp314-cp314t-musllinux_1_2_x86_64.whl", hash = "sha256:67990ae37dca082e190487aa1af58452c474dcf137b39df736c23e91f7b0915b", size = 133554, upload-time = "2025-09-10T11:46:14.508Z" },
    { url = "https://files.pythonhosted.org/packages/3b/f3/09d4abcea093749eeba4f7c876cf769ebf34e70df3e3041385943ca07292/zlib_ng-1.0.0-cp314-cp314t-win_amd64.whl", hash = "sha256:76b3832ce6b1b04ccd1efb58d4f37fabbb83eb946ea2710c19d586a9d9a4a45b", size = 97279, upload-time = "2025-09-10T11:55:01.227Z" },
]
